
Microsoft Visual Studio Solution File, Format Version 12.00
# Visual Studio Version 17
VisualStudioVersion = 17.14.36202.13 d17.14
MinimumVisualStudioVersion = 10.0.40219.1
Project("{FAE04EC0-301F-11D3-BF4B-00C04F79EFBC}") = "DoAnTotNghiep", "DoAnTotNghiep\DoAnTotNghiep.csproj", "{2514A010-937F-42F8-A651-D0D8CDB4FC8C}"
EndProject
Global
	GlobalSection(SolutionConfigurationPlatforms) = preSolution
		Debug|Any CPU = Debug|Any CPU
		Release|Any CPU = Release|Any CPU
	EndGlobalSection
	GlobalSection(ProjectConfigurationPlatforms) = postSolution
		{2514A010-937F-42F8-A651-D0D8CDB4FC8C}.Debug|Any CPU.ActiveCfg = Debug|Any CPU
		{2514A010-937F-42F8-A651-D0D8CDB4FC8C}.Debug|Any CPU.Build.0 = Debug|Any CPU
		{2514A010-937F-42F8-A651-D0D8CDB4FC8C}.Release|Any CPU.ActiveCfg = Release|Any CPU
		{2514A010-937F-42F8-A651-D0D8CDB4FC8C}.Release|Any CPU.Build.0 = Release|Any CPU
	EndGlobalSection
	GlobalSection(SolutionProperties) = preSolution
		HideSolutionNode = FALSE
	EndGlobalSection
	GlobalSection(ExtensibilityGlobals) = postSolution
		SolutionGuid = {6B1FCF86-E6F6-4760-A19C-CEE7BDE900B4}
	EndGlobalSection
EndGlobal
